
Microsoft Visual Studio Solution File, Format Version 12.00
# Visual Studio 15
VisualStudioVersion = 15.0.27130.2010
MinimumVisualStudioVersion = 10.0.40219.1
Project("{FAE04EC0-301F-11D3-BF4B-00C04F79EFBC}") = "word_guessing_game", "word_guessing_game\word_guessing_game.csproj", "{2DEC8E51-640C-428F-AD64-7A67C022794B}"
EndProject
Global
	GlobalSection(SolutionConfigurationPlatforms) = preSolution
		Debug|Any CPU = Debug|Any CPU
		Release|Any CPU = Release|Any CPU
	EndGlobalSection
	GlobalSection(ProjectConfigurationPlatforms) = postSolution
		{2DEC8E51-640C-428F-AD64-7A67C022794B}.Debug|Any CPU.ActiveCfg = Debug|Any CPU
		{2DEC8E51-640C-428F-AD64-7A67C022794B}.Debug|Any CPU.Build.0 = Debug|Any CPU
		{2DEC8E51-640C-428F-AD64-7A67C022794B}.Release|Any CPU.ActiveCfg = Release|Any CPU
		{2DEC8E51-640C-428F-AD64-7A67C022794B}.Release|Any CPU.Build.0 = Release|Any CPU
	EndGlobalSection
	GlobalSection(SolutionProperties) = preSolution
		HideSolutionNode = FALSE
	EndGlobalSection
	GlobalSection(ExtensibilityGlobals) = postSolution
		SolutionGuid = {121185C7-9326-4670-BB09-85891D312A95}
	EndGlobalSection
EndGlobal
